
Microsoft Visual Studio Solution File, Format Version 12.00
# Visual Studio Version 17
VisualStudioVersion = 17.5.33530.505
MinimumVisualStudioVersion = 10.0.40219.1
Project("{9A19103F-16F7-4668-BE54-9A1E7A4F7556}") = "RadiationOfSound", "RadiationOfSound\RadiationOfSound.csproj", "{B35FB399-F8C0-475A-BA24-171CBDA107BB}"
EndProject
Project("{9A19103F-16F7-4668-BE54-9A1E7A4F7556}") = "MathTests", "MathTests\MathTests.csproj", "{B8143D86-6AED-4EE5-BE4F-34667CA4A0AF}"
EndProject
Project("{FAE04EC0-301F-11D3-BF4B-00C04F79EFBC}") = "Acoustics", "Acoustics\Acoustics.csproj", "{7FE0FBFE-14CA-4E9D-B8AF-B0D68D25EAEA}"
EndProject
Project("{FAE04EC0-301F-11D3-BF4B-00C04F79EFBC}") = "Mathematics", "Mathematics\Mathematics.csproj", "{BFB11B5D-9076-4417-A8DA-2CDAA247C4C7}"
EndProject
Global
	GlobalSection(SolutionConfigurationPlatforms) = preSolution
		Debug|Any CPU = Debug|Any CPU
		Release|Any CPU = Release|Any CPU
	EndGlobalSection
	GlobalSection(ProjectConfigurationPlatforms) = postSolution
		{B35FB399-F8C0-475A-BA24-171CBDA107BB}.Debug|Any CPU.ActiveCfg = Debug|Any CPU
		{B35FB399-F8C0-475A-BA24-171CBDA107BB}.Debug|Any CPU.Build.0 = Debug|Any CPU
		{B35FB399-F8C0-475A-BA24-171CBDA107BB}.Release|Any CPU.ActiveCfg = Release|Any CPU
		{B35FB399-F8C0-475A-BA24-171CBDA107BB}.Release|Any CPU.Build.0 = Release|Any CPU
		{B8143D86-6AED-4EE5-BE4F-34667CA4A0AF}.Debug|Any CPU.ActiveCfg = Debug|Any CPU
		{B8143D86-6AED-4EE5-BE4F-34667CA4A0AF}.Debug|Any CPU.Build.0 = Debug|Any CPU
		{B8143D86-6AED-4EE5-BE4F-34667CA4A0AF}.Release|Any CPU.ActiveCfg = Release|Any CPU
		{B8143D86-6AED-4EE5-BE4F-34667CA4A0AF}.Release|Any CPU.Build.0 = Release|Any CPU
		{7FE0FBFE-14CA-4E9D-B8AF-B0D68D25EAEA}.Debug|Any CPU.ActiveCfg = Debug|Any CPU
		{7FE0FBFE-14CA-4E9D-B8AF-B0D68D25EAEA}.Debug|Any CPU.Build.0 = Debug|Any CPU
		{7FE0FBFE-14CA-4E9D-B8AF-B0D68D25EAEA}.Release|Any CPU.ActiveCfg = Release|Any CPU
		{7FE0FBFE-14CA-4E9D-B8AF-B0D68D25EAEA}.Release|Any CPU.Build.0 = Release|Any CPU
		{BFB11B5D-9076-4417-A8DA-2CDAA247C4C7}.Debug|Any CPU.ActiveCfg = Debug|Any CPU
		{BFB11B5D-9076-4417-A8DA-2CDAA247C4C7}.Debug|Any CPU.Build.0 = Debug|Any CPU
		{BFB11B5D-9076-4417-A8DA-2CDAA247C4C7}.Release|Any CPU.ActiveCfg = Release|Any CPU
		{BFB11B5D-9076-4417-A8DA-2CDAA247C4C7}.Release|Any CPU.Build.0 = Release|Any CPU
	EndGlobalSection
	GlobalSection(SolutionProperties) = preSolution
		HideSolutionNode = FALSE
	EndGlobalSection
	GlobalSection(ExtensibilityGlobals) = postSolution
		SolutionGuid = {05B4469C-D78A-46EA-B9BF-3E505280C424}
	EndGlobalSection
EndGlobal
